// !$*UTF8*$!
{
	archiveVersion = 1;
	classes = {
	};
	objectVersion = 46;
	objects = {

/* Begin PBXBuildFile section */
		4EC3EBA51E50746600DC4DA1 /* CortexM4asmOps.s in Sources */ = {isa = PBXBuildFile; fileRef = 4EC3EB941E50746600DC4DA1 /* CortexM4asmOps.s */; };
		4EC3EBA61E50746600DC4DA1 /* main.cpp in Sources */ = {isa = PBXBuildFile; fileRef = 4EC3EB971E50746600DC4DA1 /* main.cpp */; };
		4EC3EBA71E50746600DC4DA1 /* Makefile in Sources */ = {isa = PBXBuildFile; fileRef = 4EC3EB991E50746600DC4DA1 /* Makefile */; };
		4EC3EBA81E50746600DC4DA1 /* startup_stm32f4xx.c in Sources */ = {isa = PBXBuildFile; fileRef = 4EC3EB9C1E50746600DC4DA1 /* startup_stm32f4xx.c */; };
		4EC3EBA91E50746600DC4DA1 /* stm32f4_P24_definitions.s in Sources */ = {isa = PBXBuildFile; fileRef = 4EC3EB9E1E50746600DC4DA1 /* stm32f4_P24_definitions.s */; };
		4EC3EBAA1E50746600DC4DA1 /* stm32f4xx_it.c in Sources */ = {isa = PBXBuildFile; fileRef = 4EC3EBA01E50746600DC4DA1 /* stm32f4xx_it.c */; };
		4EC3EBAB1E50746600DC4DA1 /* system_stm32f4xx.c in Sources */ = {isa = PBXBuildFile; fileRef = 4EC3EBA31E50746600DC4DA1 /* system_stm32f4xx.c */; };
/* End PBXBuildFile section */

/* Begin PBXCopyFilesBuildPhase section */
		4EF566C31E3FC77B00CDE8E4 /* CopyFiles */ = {
			isa = PBXCopyFilesBuildPhase;
			buildActionMask = 2147483647;
			dstPath = /usr/share/man/man1/;
			dstSubfolderSpec = 0;
			files = (
			);
			runOnlyForDeploymentPostprocessing = 1;
		};
/* End PBXCopyFilesBuildPhase section */

/* Begin PBXFileReference section */
		4EC3EB931E50746600DC4DA1 /* build */ = {isa = PBXFileReference; lastKnownFileType = folder; name = build; path = stm32f4xcode/build; sourceTree = SOURCE_ROOT; };
		4EC3EB941E50746600DC4DA1 /* CortexM4asmOps.s */ = {isa = PBXFileReference; fileEncoding = 4; lastKnownFileType = sourcecode.asm; name = CortexM4asmOps.s; path = stm32f4xcode/CortexM4asmOps.s; sourceTree = SOURCE_ROOT; };
		4EC3EB951E50746600DC4DA1 /* def.h */ = {isa = PBXFileReference; fileEncoding = 4; lastKnownFileType = sourcecode.c.h; name = def.h; path = stm32f4xcode/def.h; sourceTree = SOURCE_ROOT; };
		4EC3EB961E50746600DC4DA1 /* lib */ = {isa = PBXFileReference; lastKnownFileType = folder; name = lib; path = stm32f4xcode/lib; sourceTree = SOURCE_ROOT; };
		4EC3EB971E50746600DC4DA1 /* main.cpp */ = {isa = PBXFileReference; fileEncoding = 4; lastKnownFileType = sourcecode.cpp.cpp; name = main.cpp; path = stm32f4xcode/main.cpp; sourceTree = SOURCE_ROOT; };
		4EC3EB981E50746600DC4DA1 /* main.hpp */ = {isa = PBXFileReference; fileEncoding = 4; lastKnownFileType = sourcecode.cpp.h; name = main.hpp; path = stm32f4xcode/main.hpp; sourceTree = SOURCE_ROOT; };
		4EC3EB991E50746600DC4DA1 /* Makefile */ = {isa = PBXFileReference; fileEncoding = 4; lastKnownFileType = sourcecode.make; name = Makefile; path = stm32f4xcode/Makefile; sourceTree = SOURCE_ROOT; };
		4EC3EB9A1E50746600DC4DA1 /* Makefile.orig */ = {isa = PBXFileReference; fileEncoding = 4; lastKnownFileType = text; name = Makefile.orig; path = stm32f4xcode/Makefile.orig; sourceTree = SOURCE_ROOT; };
		4EC3EB9B1E50746600DC4DA1 /* README */ = {isa = PBXFileReference; fileEncoding = 4; lastKnownFileType = text; name = README; path = stm32f4xcode/README; sourceTree = SOURCE_ROOT; };
		4EC3EB9C1E50746600DC4DA1 /* startup_stm32f4xx.c */ = {isa = PBXFileReference; fileEncoding = 4; lastKnownFileType = sourcecode.c.c; name = startup_stm32f4xx.c; path = stm32f4xcode/startup_stm32f4xx.c; sourceTree = SOURCE_ROOT; };
		4EC3EB9D1E50746600DC4DA1 /* stm32_flash.ld */ = {isa = PBXFileReference; fileEncoding = 4; lastKnownFileType = text; name = stm32_flash.ld; path = stm32f4xcode/stm32_flash.ld; sourceTree = SOURCE_ROOT; };
		4EC3EB9E1E50746600DC4DA1 /* stm32f4_P24_definitions.s */ = {isa = PBXFileReference; fileEncoding = 4; lastKnownFileType = sourcecode.asm; name = stm32f4_P24_definitions.s; path = stm32f4xcode/stm32f4_P24_definitions.s; sourceTree = SOURCE_ROOT; };
		4EC3EB9F1E50746600DC4DA1 /* stm32f4xx_conf.h */ = {isa = PBXFileReference; fileEncoding = 4; lastKnownFileType = sourcecode.c.h; name = stm32f4xx_conf.h; path = stm32f4xcode/stm32f4xx_conf.h; sourceTree = SOURCE_ROOT; };
		4EC3EBA01E50746600DC4DA1 /* stm32f4xx_it.c */ = {isa = PBXFileReference; fileEncoding = 4; lastKnownFileType = sourcecode.c.c; name = stm32f4xx_it.c; path = stm32f4xcode/stm32f4xx_it.c; sourceTree = SOURCE_ROOT; };
		4EC3EBA11E50746600DC4DA1 /* stm32f4xx_it.h */ = {isa = PBXFileReference; fileEncoding = 4; lastKnownFileType = sourcecode.c.h; name = stm32f4xx_it.h; path = stm32f4xcode/stm32f4xx_it.h; sourceTree = SOURCE_ROOT; };
		4EC3EBA21E50746600DC4DA1 /* stm32f4xx-openOCD.cfg */ = {isa = PBXFileReference; fileEncoding = 4; lastKnownFileType = text; name = "stm32f4xx-openOCD.cfg"; path = "stm32f4xcode/stm32f4xx-openOCD.cfg"; sourceTree = SOURCE_ROOT; };
		4EC3EBA31E50746600DC4DA1 /* system_stm32f4xx.c */ = {isa = PBXFileReference; fileEncoding = 4; lastKnownFileType = sourcecode.c.c; name = system_stm32f4xx.c; path = stm32f4xcode/system_stm32f4xx.c; sourceTree = SOURCE_ROOT; };
		4EC3EBA41E50746600DC4DA1 /* todo.sh */ = {isa = PBXFileReference; fileEncoding = 4; lastKnownFileType = text.script.sh; name = todo.sh; path = stm32f4xcode/todo.sh; sourceTree = SOURCE_ROOT; };
		4EF566C51E3FC77B00CDE8E4 /* stm32f4xcode */ = {isa = PBXFileReference; explicitFileType = "compiled.mach-o.executable"; includeInIndex = 0; path = stm32f4xcode; sourceTree = BUILT_PRODUCTS_DIR; };
/* End PBXFileReference section */

/* Begin PBXFrameworksBuildPhase section */
		4EF566C21E3FC77B00CDE8E4 /* Frameworks */ = {
			isa = PBXFrameworksBuildPhase;
			buildActionMask = 2147483647;
			files = (
			);
			runOnlyForDeploymentPostprocessing = 0;
		};
/* End PBXFrameworksBuildPhase section */

/* Begin PBXGroup section */
		4EF566BC1E3FC77B00CDE8E4 = {
			isa = PBXGroup;
			children = (
				4EF566C71E3FC77B00CDE8E4 /* stm32f4xcode */,
				4EF566C61E3FC77B00CDE8E4 /* Products */,
			);
			sourceTree = "<group>";
		};
		4EF566C61E3FC77B00CDE8E4 /* Products */ = {
			isa = PBXGroup;
			children = (
				4EF566C51E3FC77B00CDE8E4 /* stm32f4xcode */,
			);
			name = Products;
			sourceTree = "<group>";
		};
		4EF566C71E3FC77B00CDE8E4 /* stm32f4xcode */ = {
			isa = PBXGroup;
			children = (
				4EC3EB931E50746600DC4DA1 /* build */,
				4EC3EB941E50746600DC4DA1 /* CortexM4asmOps.s */,
				4EC3EB951E50746600DC4DA1 /* def.h */,
				4EC3EB961E50746600DC4DA1 /* lib */,
				4EC3EB971E50746600DC4DA1 /* main.cpp */,
				4EC3EB981E50746600DC4DA1 /* main.hpp */,
				4EC3EB991E50746600DC4DA1 /* Makefile */,
				4EC3EB9A1E50746600DC4DA1 /* Makefile.orig */,
				4EC3EB9B1E50746600DC4DA1 /* README */,
				4EC3EB9C1E50746600DC4DA1 /* startup_stm32f4xx.c */,
				4EC3EB9D1E50746600DC4DA1 /* stm32_flash.ld */,
				4EC3EB9E1E50746600DC4DA1 /* stm32f4_P24_definitions.s */,
				4EC3EB9F1E50746600DC4DA1 /* stm32f4xx_conf.h */,
				4EC3EBA01E50746600DC4DA1 /* stm32f4xx_it.c */,
				4EC3EBA11E50746600DC4DA1 /* stm32f4xx_it.h */,
				4EC3EBA21E50746600DC4DA1 /* stm32f4xx-openOCD.cfg */,
				4EC3EBA31E50746600DC4DA1 /* system_stm32f4xx.c */,
				4EC3EBA41E50746600DC4DA1 /* todo.sh */,
			);
			name = stm32f4xcode;
			path = quadcopter;
			sourceTree = "<group>";
		};
/* End PBXGroup section */

/* Begin PBXLegacyTarget section */
		4EF566E41E3FC7DA00CDE8E4 /* stm32f4xcodeSTM */ = {
			isa = PBXLegacyTarget;
			buildArgumentsString = "$(ACTION)";
			buildConfigurationList = 4EF566E51E3FC7DB00CDE8E4 /* Build configuration list for PBXLegacyTarget "stm32f4xcodeSTM" */;
			buildPhases = (
			);
			buildToolPath = /usr/bin/make;
			buildWorkingDirectory = "$(PROJECT_DIR)/stm32f4xcode";
			dependencies = (
			);
			name = stm32f4xcodeSTM;
			passBuildSettingsInEnvironment = 1;
			productName = quadcopterSTM;
		};
/* End PBXLegacyTarget section */

/* Begin PBXNativeTarget section */
		4EF566C41E3FC77B00CDE8E4 /* stm32f4xcode */ = {
			isa = PBXNativeTarget;
			buildConfigurationList = 4EF566CC1E3FC77B00CDE8E4 /* Build configuration list for PBXNativeTarget "stm32f4xcode" */;
			buildPhases = (
				4EF566C11E3FC77B00CDE8E4 /* Sources */,
				4EF566C21E3FC77B00CDE8E4 /* Frameworks */,
				4EF566C31E3FC77B00CDE8E4 /* CopyFiles */,
			);
			buildRules = (
			);
			dependencies = (
			);
			name = stm32f4xcode;
			productName = quadcopter;
			productReference = 4EF566C51E3FC77B00CDE8E4 /* stm32f4xcode */;
			productType = "com.apple.product-type.tool";
		};
/* End PBXNativeTarget section */

/* Begin PBXProject section */
		4EF566BD1E3FC77B00CDE8E4 /* Project object */ = {
			isa = PBXProject;
			attributes = {
				LastUpgradeCheck = 0820;
				ORGANIZATIONNAME = mekatrotekno;
				TargetAttributes = {
					4EF566C41E3FC77B00CDE8E4 = {
						CreatedOnToolsVersion = 8.2.1;
						ProvisioningStyle = Automatic;
					};
					4EF566E41E3FC7DA00CDE8E4 = {
						CreatedOnToolsVersion = 8.2.1;
						ProvisioningStyle = Automatic;
					};
				};
			};
			buildConfigurationList = 4EF566C01E3FC77B00CDE8E4 /* Build configuration list for PBXProject "stm32f4xcode" */;
			compatibilityVersion = "Xcode 3.2";
			developmentRegion = English;
			hasScannedForEncodings = 0;
			knownRegions = (
				en,
			);
			mainGroup = 4EF566BC1E3FC77B00CDE8E4;
			productRefGroup = 4EF566C61E3FC77B00CDE8E4 /* Products */;
			projectDirPath = "";
			projectRoot = "";
			targets = (
				4EF566C41E3FC77B00CDE8E4 /* stm32f4xcode */,
				4EF566E41E3FC7DA00CDE8E4 /* stm32f4xcodeSTM */,
			);
		};
/* End PBXProject section */

/* Begin PBXSourcesBuildPhase section */
		4EF566C11E3FC77B00CDE8E4 /* Sources */ = {
			isa = PBXSourcesBuildPhase;
			buildActionMask = 2147483647;
			files = (
				4EC3EBAA1E50746600DC4DA1 /* stm32f4xx_it.c in Sources */,
				4EC3EBA71E50746600DC4DA1 /* Makefile in Sources */,
				4EC3EBA81E50746600DC4DA1 /* startup_stm32f4xx.c in Sources */,
				4EC3EBAB1E50746600DC4DA1 /* system_stm32f4xx.c in Sources */,
				4EC3EBA61E50746600DC4DA1 /* main.cpp in Sources */,
				4EC3EBA91E50746600DC4DA1 /* stm32f4_P24_definitions.s in Sources */,
				4EC3EBA51E50746600DC4DA1 /* CortexM4asmOps.s in Sources */,
			);
			runOnlyForDeploymentPostprocessing = 0;
		};
/* End PBXSourcesBuildPhase section */

/* Begin XCBuildConfiguration section */
		4EF566CA1E3FC77B00CDE8E4 /* Debug */ = {
			isa = XCBuildConfiguration;
			buildSettings = {
				ALWAYS_SEARCH_USER_PATHS = NO;
				CLANG_ANALYZER_NONNULL = YES;
				CLANG_CXX_LANGUAGE_STANDARD = "gnu++0x";
				CLANG_CXX_LIBRARY = "libc++";
				CLANG_ENABLE_MODULES = YES;
				CLANG_ENABLE_OBJC_ARC = YES;
				CLANG_WARN_BOOL_CONVERSION = YES;
				CLANG_WARN_CONSTANT_CONVERSION = YES;
				CLANG_WARN_DIRECT_OBJC_ISA_USAGE = YES_ERROR;
				CLANG_WARN_DOCUMENTATION_COMMENTS = YES;
				CLANG_WARN_EMPTY_BODY = YES;
				CLANG_WARN_ENUM_CONVERSION = YES;
				CLANG_WARN_INFINITE_RECURSION = YES;
				CLANG_WARN_INT_CONVERSION = YES;
				CLANG_WARN_OBJC_ROOT_CLASS = YES_ERROR;
				CLANG_WARN_SUSPICIOUS_MOVE = YES;
				CLANG_WARN_UNREACHABLE_CODE = YES;
				CLANG_WARN__DUPLICATE_METHOD_MATCH = YES;
				CODE_SIGN_IDENTITY = "-";
				COPY_PHASE_STRIP = NO;
				DEBUG_INFORMATION_FORMAT = dwarf;
				ENABLE_STRICT_OBJC_MSGSEND = YES;
				ENABLE_TESTABILITY = YES;
				GCC_C_LANGUAGE_STANDARD = gnu99;
				GCC_DYNAMIC_NO_PIC = NO;
				GCC_NO_COMMON_BLOCKS = YES;
				GCC_OPTIMIZATION_LEVEL = 0;
				GCC_PREPROCESSOR_DEFINITIONS = (
					"DEBUG=1",
					"$(inherited)",
				);
				GCC_WARN_64_TO_32_BIT_CONVERSION = YES;
				GCC_WARN_ABOUT_RETURN_TYPE = YES_ERROR;
				GCC_WARN_UNDECLARED_SELECTOR = YES;
				GCC_WARN_UNINITIALIZED_AUTOS = YES_AGGRESSIVE;
				GCC_WARN_UNUSED_FUNCTION = YES;
				GCC_WARN_UNUSED_VARIABLE = YES;
				HEADER_SEARCH_PATHS = "\"$(SRCROOT)/stm32f4xcode/lib\"/**";
				MACOSX_DEPLOYMENT_TARGET = 10.12;
				MTL_ENABLE_DEBUG_INFO = YES;
				ONLY_ACTIVE_ARCH = YES;
				SDKROOT = macosx;
			};
			name = Debug;
		};
		4EF566CB1E3FC77B00CDE8E4 /* Release */ = {
			isa = XCBuildConfiguration;
			buildSettings = {
				ALWAYS_SEARCH_USER_PATHS = NO;
				CLANG_ANALYZER_NONNULL = YES;
				CLANG_CXX_LANGUAGE_STANDARD = "gnu++0x";
				CLANG_CXX_LIBRARY = "libc++";
				CLANG_ENABLE_MODULES = YES;
				CLANG_ENABLE_OBJC_ARC = YES;
				CLANG_WARN_BOOL_CONVERSION = YES;
				CLANG_WARN_CONSTANT_CONVERSION = YES;
				CLANG_WARN_DIRECT_OBJC_ISA_USAGE = YES_ERROR;
				CLANG_WARN_DOCUMENTATION_COMMENTS = YES;
				CLANG_WARN_EMPTY_BODY = YES;
				CLANG_WARN_ENUM_CONVERSION = YES;
				CLANG_WARN_INFINITE_RECURSION = YES;
				CLANG_WARN_INT_CONVERSION = YES;
				CLANG_WARN_OBJC_ROOT_CLASS = YES_ERROR;
				CLANG_WARN_SUSPICIOUS_MOVE = YES;
				CLANG_WARN_UNREACHABLE_CODE = YES;
				CLANG_WARN__DUPLICATE_METHOD_MATCH = YES;
				CODE_SIGN_IDENTITY = "-";
				COPY_PHASE_STRIP = NO;
				DEBUG_INFORMATION_FORMAT = "dwarf-with-dsym";
				ENABLE_NS_ASSERTIONS = NO;
				ENABLE_STRICT_OBJC_MSGSEND = YES;
				GCC_C_LANGUAGE_STANDARD = gnu99;
				GCC_NO_COMMON_BLOCKS = YES;
				GCC_WARN_64_TO_32_BIT_CONVERSION = YES;
				GCC_WARN_ABOUT_RETURN_TYPE = YES_ERROR;
				GCC_WARN_UNDECLARED_SELECTOR = YES;
				GCC_WARN_UNINITIALIZED_AUTOS = YES_AGGRESSIVE;
				GCC_WARN_UNUSED_FUNCTION = YES;
				GCC_WARN_UNUSED_VARIABLE = YES;
				HEADER_SEARCH_PATHS = "\"$(SRCROOT)/stm32f4xcode/lib\"/**";
				MACOSX_DEPLOYMENT_TARGET = 10.12;
				MTL_ENABLE_DEBUG_INFO = NO;
				SDKROOT = macosx;
			};
			name = Release;
		};
		4EF566CD1E3FC77B00CDE8E4 /* Debug */ = {
			isa = XCBuildConfiguration;
			buildSettings = {
				PRODUCT_NAME = "$(TARGET_NAME)";
			};
			name = Debug;
		};
		4EF566CE1E3FC77B00CDE8E4 /* Release */ = {
			isa = XCBuildConfiguration;
			buildSettings = {
				PRODUCT_NAME = "$(TARGET_NAME)";
			};
			name = Release;
		};
		4EF566E61E3FC7DB00CDE8E4 /* Debug */ = {
			isa = XCBuildConfiguration;
			buildSettings = {
				DEBUGGING_SYMBOLS = YES;
				DEBUG_INFORMATION_FORMAT = dwarf;
				GCC_GENERATE_DEBUGGING_SYMBOLS = YES;
				GCC_OPTIMIZATION_LEVEL = 0;
				OTHER_CFLAGS = "";
				OTHER_LDFLAGS = "";
				PRODUCT_NAME = "$(TARGET_NAME)";
			};
			name = Debug;
		};
		4EF566E71E3FC7DB00CDE8E4 /* Release */ = {
			isa = XCBuildConfiguration;
			buildSettings = {
				DEBUG_INFORMATION_FORMAT = "dwarf-with-dsym";
				OTHER_CFLAGS = "";
				OTHER_LDFLAGS = "";
				PRODUCT_NAME = "$(TARGET_NAME)";
			};
			name = Release;
		};
/* End XCBuildConfiguration section */

/* Begin XCConfigurationList section */
		4EF566C01E3FC77B00CDE8E4 /* Build configuration list for PBXProject "stm32f4xcode" */ = {
			isa = XCConfigurationList;
			buildConfigurations = (
				4EF566CA1E3FC77B00CDE8E4 /* Debug */,
				4EF566CB1E3FC77B00CDE8E4 /* Release */,
			);
			defaultConfigurationIsVisible = 0;
			defaultConfigurationName = Release;
		};
		4EF566CC1E3FC77B00CDE8E4 /* Build configuration list for PBXNativeTarget "stm32f4xcode" */ = {
			isa = XCConfigurationList;
			buildConfigurations = (
				4EF566CD1E3FC77B00CDE8E4 /* Debug */,
				4EF566CE1E3FC77B00CDE8E4 /* Release */,
			);
			defaultConfigurationIsVisible = 0;
			defaultConfigurationName = Release;
		};
		4EF566E51E3FC7DB00CDE8E4 /* Build configuration list for PBXLegacyTarget "stm32f4xcodeSTM" */ = {
			isa = XCConfigurationList;
			buildConfigurations = (
				4EF566E61E3FC7DB00CDE8E4 /* Debug */,
				4EF566E71E3FC7DB00CDE8E4 /* Release */,
			);
			defaultConfigurationIsVisible = 0;
			defaultConfigurationName = Release;
		};
/* End XCConfigurationList section */
	};
	rootObject = 4EF566BD1E3FC77B00CDE8E4 /* Project object */;
}
