// !$*UTF8*$!
{
	archiveVersion = 1;
	classes = {
	};
	objectVersion = 46;
	objects = {

/* Begin PBXBuildFile section */
		4EF566DD1E3FC78700CDE8E4 /* CortexM4asmOps.s in Sources */ = {isa = PBXBuildFile; fileRef = 4EF566D01E3FC78700CDE8E4 /* CortexM4asmOps.s */; };
		4EF566DE1E3FC78700CDE8E4 /* main.cpp in Sources */ = {isa = PBXBuildFile; fileRef = 4EF566D21E3FC78700CDE8E4 /* main.cpp */; };
		4EF566DF1E3FC78700CDE8E4 /* Makefile in Sources */ = {isa = PBXBuildFile; fileRef = 4EF566D31E3FC78700CDE8E4 /* Makefile */; };
		4EF566E01E3FC78700CDE8E4 /* startup_stm32f4xx.cpp in Sources */ = {isa = PBXBuildFile; fileRef = 4EF566D51E3FC78700CDE8E4 /* startup_stm32f4xx.cpp */; };
		4EF566E11E3FC78700CDE8E4 /* stm32f4_P24_definitions.s in Sources */ = {isa = PBXBuildFile; fileRef = 4EF566D71E3FC78700CDE8E4 /* stm32f4_P24_definitions.s */; };
		4EF566E21E3FC78700CDE8E4 /* stm32f4xx_it.c in Sources */ = {isa = PBXBuildFile; fileRef = 4EF566D91E3FC78700CDE8E4 /* stm32f4xx_it.c */; };
		4EF566E31E3FC78700CDE8E4 /* system_stm32f4xx.c in Sources */ = {isa = PBXBuildFile; fileRef = 4EF566DC1E3FC78700CDE8E4 /* system_stm32f4xx.c */; };
/* End PBXBuildFile section */

/* Begin PBXCopyFilesBuildPhase section */
		4EF566C31E3FC77B00CDE8E4 /* CopyFiles */ = {
			isa = PBXCopyFilesBuildPhase;
			buildActionMask = 2147483647;
			dstPath = /usr/share/man/man1/;
			dstSubfolderSpec = 0;
			files = (
			);
			runOnlyForDeploymentPostprocessing = 1;
		};
/* End PBXCopyFilesBuildPhase section */

/* Begin PBXFileReference section */
		4EEAB07F1E4541AD006325B1 /* def.h */ = {isa = PBXFileReference; lastKnownFileType = sourcecode.c.h; path = def.h; sourceTree = "<group>"; };
		4EF566C51E3FC77B00CDE8E4 /* quadcopter */ = {isa = PBXFileReference; explicitFileType = "compiled.mach-o.executable"; includeInIndex = 0; path = quadcopter; sourceTree = BUILT_PRODUCTS_DIR; };
		4EF566D01E3FC78700CDE8E4 /* CortexM4asmOps.s */ = {isa = PBXFileReference; fileEncoding = 4; lastKnownFileType = sourcecode.asm; path = CortexM4asmOps.s; sourceTree = "<group>"; };
		4EF566D11E3FC78700CDE8E4 /* lib */ = {isa = PBXFileReference; lastKnownFileType = folder; path = lib; sourceTree = "<group>"; };
		4EF566D21E3FC78700CDE8E4 /* main.cpp */ = {isa = PBXFileReference; fileEncoding = 4; lastKnownFileType = sourcecode.cpp.cpp; path = main.cpp; sourceTree = "<group>"; };
		4EF566D31E3FC78700CDE8E4 /* Makefile */ = {isa = PBXFileReference; fileEncoding = 4; lastKnownFileType = sourcecode.make; path = Makefile; sourceTree = "<group>"; usesTabs = 1; };
		4EF566D41E3FC78700CDE8E4 /* README */ = {isa = PBXFileReference; fileEncoding = 4; lastKnownFileType = text; path = README; sourceTree = "<group>"; };
		4EF566D51E3FC78700CDE8E4 /* startup_stm32f4xx.cpp */ = {isa = PBXFileReference; fileEncoding = 4; lastKnownFileType = sourcecode.cpp.cpp; path = startup_stm32f4xx.cpp; sourceTree = "<group>"; };
		4EF566D61E3FC78700CDE8E4 /* stm32_flash.ld */ = {isa = PBXFileReference; fileEncoding = 4; lastKnownFileType = text; path = stm32_flash.ld; sourceTree = "<group>"; };
		4EF566D71E3FC78700CDE8E4 /* stm32f4_P24_definitions.s */ = {isa = PBXFileReference; fileEncoding = 4; lastKnownFileType = sourcecode.asm; path = stm32f4_P24_definitions.s; sourceTree = "<group>"; };
		4EF566D81E3FC78700CDE8E4 /* stm32f4xx_conf.h */ = {isa = PBXFileReference; fileEncoding = 4; lastKnownFileType = sourcecode.c.h; path = stm32f4xx_conf.h; sourceTree = "<group>"; };
		4EF566D91E3FC78700CDE8E4 /* stm32f4xx_it.c */ = {isa = PBXFileReference; fileEncoding = 4; lastKnownFileType = sourcecode.c.c; path = stm32f4xx_it.c; sourceTree = "<group>"; };
		4EF566DA1E3FC78700CDE8E4 /* stm32f4xx_it.h */ = {isa = PBXFileReference; fileEncoding = 4; lastKnownFileType = sourcecode.c.h; path = stm32f4xx_it.h; sourceTree = "<group>"; };
		4EF566DB1E3FC78700CDE8E4 /* stm32f4xx-openOCD.cfg */ = {isa = PBXFileReference; fileEncoding = 4; lastKnownFileType = text; path = "stm32f4xx-openOCD.cfg"; sourceTree = "<group>"; };
		4EF566DC1E3FC78700CDE8E4 /* system_stm32f4xx.c */ = {isa = PBXFileReference; fileEncoding = 4; lastKnownFileType = sourcecode.c.c; path = system_stm32f4xx.c; sourceTree = "<group>"; };
/* End PBXFileReference section */

/* Begin PBXFrameworksBuildPhase section */
		4EF566C21E3FC77B00CDE8E4 /* Frameworks */ = {
			isa = PBXFrameworksBuildPhase;
			buildActionMask = 2147483647;
			files = (
			);
			runOnlyForDeploymentPostprocessing = 0;
		};
/* End PBXFrameworksBuildPhase section */

/* Begin PBXGroup section */
		4EF566BC1E3FC77B00CDE8E4 = {
			isa = PBXGroup;
			children = (
				4EF566C71E3FC77B00CDE8E4 /* quadcopter */,
				4EF566C61E3FC77B00CDE8E4 /* Products */,
			);
			sourceTree = "<group>";
		};
		4EF566C61E3FC77B00CDE8E4 /* Products */ = {
			isa = PBXGroup;
			children = (
				4EF566C51E3FC77B00CDE8E4 /* quadcopter */,
			);
			name = Products;
			sourceTree = "<group>";
		};
		4EF566C71E3FC77B00CDE8E4 /* quadcopter */ = {
			isa = PBXGroup;
			children = (
				4EF566D01E3FC78700CDE8E4 /* CortexM4asmOps.s */,
				4EF566D11E3FC78700CDE8E4 /* lib */,
				4EF566D21E3FC78700CDE8E4 /* main.cpp */,
				4EF566D31E3FC78700CDE8E4 /* Makefile */,
				4EF566D41E3FC78700CDE8E4 /* README */,
				4EF566D51E3FC78700CDE8E4 /* startup_stm32f4xx.cpp */,
				4EF566D61E3FC78700CDE8E4 /* stm32_flash.ld */,
				4EF566D71E3FC78700CDE8E4 /* stm32f4_P24_definitions.s */,
				4EF566D81E3FC78700CDE8E4 /* stm32f4xx_conf.h */,
				4EF566D91E3FC78700CDE8E4 /* stm32f4xx_it.c */,
				4EF566DA1E3FC78700CDE8E4 /* stm32f4xx_it.h */,
				4EF566DB1E3FC78700CDE8E4 /* stm32f4xx-openOCD.cfg */,
				4EF566DC1E3FC78700CDE8E4 /* system_stm32f4xx.c */,
				4EEAB07F1E4541AD006325B1 /* def.h */,
			);
			path = quadcopter;
			sourceTree = "<group>";
		};
/* End PBXGroup section */

/* Begin PBXLegacyTarget section */
		4EF566E41E3FC7DA00CDE8E4 /* quadcopterSTM */ = {
			isa = PBXLegacyTarget;
			buildArgumentsString = "$(ACTION)";
			buildConfigurationList = 4EF566E51E3FC7DB00CDE8E4 /* Build configuration list for PBXLegacyTarget "quadcopterSTM" */;
			buildPhases = (
			);
			buildToolPath = /usr/bin/make;
			buildWorkingDirectory = "$(PROJECT_DIR)/quadcopter";
			dependencies = (
			);
			name = quadcopterSTM;
			passBuildSettingsInEnvironment = 1;
			productName = quadcopterSTM;
		};
/* End PBXLegacyTarget section */

/* Begin PBXNativeTarget section */
		4EF566C41E3FC77B00CDE8E4 /* quadcopter */ = {
			isa = PBXNativeTarget;
			buildConfigurationList = 4EF566CC1E3FC77B00CDE8E4 /* Build configuration list for PBXNativeTarget "quadcopter" */;
			buildPhases = (
				4EF566C11E3FC77B00CDE8E4 /* Sources */,
				4EF566C21E3FC77B00CDE8E4 /* Frameworks */,
				4EF566C31E3FC77B00CDE8E4 /* CopyFiles */,
			);
			buildRules = (
			);
			dependencies = (
			);
			name = quadcopter;
			productName = quadcopter;
			productReference = 4EF566C51E3FC77B00CDE8E4 /* quadcopter */;
			productType = "com.apple.product-type.tool";
		};
/* End PBXNativeTarget section */

/* Begin PBXProject section */
		4EF566BD1E3FC77B00CDE8E4 /* Project object */ = {
			isa = PBXProject;
			attributes = {
				LastUpgradeCheck = 0820;
				ORGANIZATIONNAME = mekatrotekno;
				TargetAttributes = {
					4EF566C41E3FC77B00CDE8E4 = {
						CreatedOnToolsVersion = 8.2.1;
						ProvisioningStyle = Automatic;
					};
					4EF566E41E3FC7DA00CDE8E4 = {
						CreatedOnToolsVersion = 8.2.1;
						ProvisioningStyle = Automatic;
					};
				};
			};
			buildConfigurationList = 4EF566C01E3FC77B00CDE8E4 /* Build configuration list for PBXProject "quadcopter" */;
			compatibilityVersion = "Xcode 3.2";
			developmentRegion = English;
			hasScannedForEncodings = 0;
			knownRegions = (
				en,
			);
			mainGroup = 4EF566BC1E3FC77B00CDE8E4;
			productRefGroup = 4EF566C61E3FC77B00CDE8E4 /* Products */;
			projectDirPath = "";
			projectRoot = "";
			targets = (
				4EF566C41E3FC77B00CDE8E4 /* quadcopter */,
				4EF566E41E3FC7DA00CDE8E4 /* quadcopterSTM */,
			);
		};
/* End PBXProject section */

/* Begin PBXSourcesBuildPhase section */
		4EF566C11E3FC77B00CDE8E4 /* Sources */ = {
			isa = PBXSourcesBuildPhase;
			buildActionMask = 2147483647;
			files = (
				4EF566E21E3FC78700CDE8E4 /* stm32f4xx_it.c in Sources */,
				4EF566DF1E3FC78700CDE8E4 /* Makefile in Sources */,
				4EF566E01E3FC78700CDE8E4 /* startup_stm32f4xx.cpp in Sources */,
				4EF566E31E3FC78700CDE8E4 /* system_stm32f4xx.c in Sources */,
				4EF566DE1E3FC78700CDE8E4 /* main.cpp in Sources */,
				4EF566E11E3FC78700CDE8E4 /* stm32f4_P24_definitions.s in Sources */,
				4EF566DD1E3FC78700CDE8E4 /* CortexM4asmOps.s in Sources */,
			);
			runOnlyForDeploymentPostprocessing = 0;
		};
/* End PBXSourcesBuildPhase section */

/* Begin XCBuildConfiguration section */
		4EF566CA1E3FC77B00CDE8E4 /* Debug */ = {
			isa = XCBuildConfiguration;
			buildSettings = {
				ALWAYS_SEARCH_USER_PATHS = YES;
				CLANG_ANALYZER_NONNULL = YES;
				CLANG_CXX_LANGUAGE_STANDARD = "gnu++0x";
				CLANG_CXX_LIBRARY = "libc++";
				CLANG_ENABLE_MODULES = YES;
				CLANG_ENABLE_OBJC_ARC = YES;
				CLANG_WARN_BOOL_CONVERSION = YES;
				CLANG_WARN_CONSTANT_CONVERSION = YES;
				CLANG_WARN_DIRECT_OBJC_ISA_USAGE = YES_ERROR;
				CLANG_WARN_DOCUMENTATION_COMMENTS = YES;
				CLANG_WARN_EMPTY_BODY = YES;
				CLANG_WARN_ENUM_CONVERSION = YES;
				CLANG_WARN_INFINITE_RECURSION = YES;
				CLANG_WARN_INT_CONVERSION = YES;
				CLANG_WARN_OBJC_ROOT_CLASS = YES_ERROR;
				CLANG_WARN_SUSPICIOUS_MOVE = YES;
				CLANG_WARN_UNREACHABLE_CODE = YES;
				CLANG_WARN__DUPLICATE_METHOD_MATCH = YES;
				CODE_SIGN_IDENTITY = "-";
				COPY_PHASE_STRIP = NO;
				DEBUG_INFORMATION_FORMAT = dwarf;
				ENABLE_STRICT_OBJC_MSGSEND = YES;
				ENABLE_TESTABILITY = YES;
				FRAMEWORK_SEARCH_PATHS = "";
				GCC_C_LANGUAGE_STANDARD = gnu99;
				GCC_DYNAMIC_NO_PIC = NO;
				GCC_NO_COMMON_BLOCKS = YES;
				GCC_OPTIMIZATION_LEVEL = 0;
				GCC_PREPROCESSOR_DEFINITIONS = (
					"DEBUG=1",
					"$(inherited)",
				);
				GCC_WARN_64_TO_32_BIT_CONVERSION = YES;
				GCC_WARN_ABOUT_RETURN_TYPE = YES_ERROR;
				GCC_WARN_UNDECLARED_SELECTOR = YES;
				GCC_WARN_UNINITIALIZED_AUTOS = YES_AGGRESSIVE;
				GCC_WARN_UNUSED_FUNCTION = YES;
				GCC_WARN_UNUSED_VARIABLE = YES;
				HEADER_SEARCH_PATHS = "\"$(SRCROOT)/quadcopter/lib\"/**";
				LIBRARY_SEARCH_PATHS = "";
				MACOSX_DEPLOYMENT_TARGET = 10.12;
				MTL_ENABLE_DEBUG_INFO = YES;
				ONLY_ACTIVE_ARCH = YES;
				REZ_SEARCH_PATHS = "";
				SDKROOT = macosx;
				USER_HEADER_SEARCH_PATHS = "";
				USE_HEADERMAP = YES;
			};
			name = Debug;
		};
		4EF566CB1E3FC77B00CDE8E4 /* Release */ = {
			isa = XCBuildConfiguration;
			buildSettings = {
				ALWAYS_SEARCH_USER_PATHS = YES;
				CLANG_ANALYZER_NONNULL = YES;
				CLANG_CXX_LANGUAGE_STANDARD = "gnu++0x";
				CLANG_CXX_LIBRARY = "libc++";
				CLANG_ENABLE_MODULES = YES;
				CLANG_ENABLE_OBJC_ARC = YES;
				CLANG_WARN_BOOL_CONVERSION = YES;
				CLANG_WARN_CONSTANT_CONVERSION = YES;
				CLANG_WARN_DIRECT_OBJC_ISA_USAGE = YES_ERROR;
				CLANG_WARN_DOCUMENTATION_COMMENTS = YES;
				CLANG_WARN_EMPTY_BODY = YES;
				CLANG_WARN_ENUM_CONVERSION = YES;
				CLANG_WARN_INFINITE_RECURSION = YES;
				CLANG_WARN_INT_CONVERSION = YES;
				CLANG_WARN_OBJC_ROOT_CLASS = YES_ERROR;
				CLANG_WARN_SUSPICIOUS_MOVE = YES;
				CLANG_WARN_UNREACHABLE_CODE = YES;
				CLANG_WARN__DUPLICATE_METHOD_MATCH = YES;
				CODE_SIGN_IDENTITY = "-";
				COPY_PHASE_STRIP = NO;
				DEBUG_INFORMATION_FORMAT = "dwarf-with-dsym";
				ENABLE_NS_ASSERTIONS = NO;
				ENABLE_STRICT_OBJC_MSGSEND = YES;
				FRAMEWORK_SEARCH_PATHS = "";
				GCC_C_LANGUAGE_STANDARD = gnu99;
				GCC_NO_COMMON_BLOCKS = YES;
				GCC_WARN_64_TO_32_BIT_CONVERSION = YES;
				GCC_WARN_ABOUT_RETURN_TYPE = YES_ERROR;
				GCC_WARN_UNDECLARED_SELECTOR = YES;
				GCC_WARN_UNINITIALIZED_AUTOS = YES_AGGRESSIVE;
				GCC_WARN_UNUSED_FUNCTION = YES;
				GCC_WARN_UNUSED_VARIABLE = YES;
				HEADER_SEARCH_PATHS = "\"$(SRCROOT)/quadcopter/lib\"/**";
				LIBRARY_SEARCH_PATHS = "";
				MACOSX_DEPLOYMENT_TARGET = 10.12;
				MTL_ENABLE_DEBUG_INFO = NO;
				REZ_SEARCH_PATHS = "";
				SDKROOT = macosx;
				USER_HEADER_SEARCH_PATHS = "";
				USE_HEADERMAP = YES;
			};
			name = Release;
		};
		4EF566CD1E3FC77B00CDE8E4 /* Debug */ = {
			isa = XCBuildConfiguration;
			buildSettings = {
				PRODUCT_NAME = "$(TARGET_NAME)";
			};
			name = Debug;
		};
		4EF566CE1E3FC77B00CDE8E4 /* Release */ = {
			isa = XCBuildConfiguration;
			buildSettings = {
				PRODUCT_NAME = "$(TARGET_NAME)";
			};
			name = Release;
		};
		4EF566E61E3FC7DB00CDE8E4 /* Debug */ = {
			isa = XCBuildConfiguration;
			buildSettings = {
				DEBUGGING_SYMBOLS = YES;
				DEBUG_INFORMATION_FORMAT = dwarf;
				GCC_GENERATE_DEBUGGING_SYMBOLS = YES;
				GCC_OPTIMIZATION_LEVEL = 0;
				LIBRARY_SEARCH_PATHS = "";
				OTHER_CFLAGS = "";
				OTHER_LDFLAGS = "";
				PRODUCT_NAME = "$(TARGET_NAME)";
			};
			name = Debug;
		};
		4EF566E71E3FC7DB00CDE8E4 /* Release */ = {
			isa = XCBuildConfiguration;
			buildSettings = {
				DEBUG_INFORMATION_FORMAT = "dwarf-with-dsym";
				LIBRARY_SEARCH_PATHS = "";
				OTHER_CFLAGS = "";
				OTHER_LDFLAGS = "";
				PRODUCT_NAME = "$(TARGET_NAME)";
			};
			name = Release;
		};
/* End XCBuildConfiguration section */

/* Begin XCConfigurationList section */
		4EF566C01E3FC77B00CDE8E4 /* Build configuration list for PBXProject "quadcopter" */ = {
			isa = XCConfigurationList;
			buildConfigurations = (
				4EF566CA1E3FC77B00CDE8E4 /* Debug */,
				4EF566CB1E3FC77B00CDE8E4 /* Release */,
			);
			defaultConfigurationIsVisible = 0;
			defaultConfigurationName = Release;
		};
		4EF566CC1E3FC77B00CDE8E4 /* Build configuration list for PBXNativeTarget "quadcopter" */ = {
			isa = XCConfigurationList;
			buildConfigurations = (
				4EF566CD1E3FC77B00CDE8E4 /* Debug */,
				4EF566CE1E3FC77B00CDE8E4 /* Release */,
			);
			defaultConfigurationIsVisible = 0;
			defaultConfigurationName = Release;
		};
		4EF566E51E3FC7DB00CDE8E4 /* Build configuration list for PBXLegacyTarget "quadcopterSTM" */ = {
			isa = XCConfigurationList;
			buildConfigurations = (
				4EF566E61E3FC7DB00CDE8E4 /* Debug */,
				4EF566E71E3FC7DB00CDE8E4 /* Release */,
			);
			defaultConfigurationIsVisible = 0;
			defaultConfigurationName = Release;
		};
/* End XCConfigurationList section */
	};
	rootObject = 4EF566BD1E3FC77B00CDE8E4 /* Project object */;
}
